
Microsoft Visual Studio Solution File, Format Version 12.00
# Visual Studio Version 17
VisualStudioVersion = 17.4.33122.133
MinimumVisualStudioVersion = 10.0.40219.1
Project("{9A19103F-16F7-4668-BE54-9A1E7A4F7556}") = "ProAtividade.API", "..\src\ProAtividade.API\ProAtividade.API.csproj", "{A4BF29F1-C438-405C-BB00-6E5CF5B8C589}"
EndProject
Global
	GlobalSection(SolutionConfigurationPlatforms) = preSolution
		Debug|Any CPU = Debug|Any CPU
		Release|Any CPU = Release|Any CPU
	EndGlobalSection
	GlobalSection(ProjectConfigurationPlatforms) = postSolution
		{A4BF29F1-C438-405C-BB00-6E5CF5B8C589}.Debug|Any CPU.ActiveCfg = Debug|Any CPU
		{A4BF29F1-C438-405C-BB00-6E5CF5B8C589}.Debug|Any CPU.Build.0 = Debug|Any CPU
		{A4BF29F1-C438-405C-BB00-6E5CF5B8C589}.Release|Any CPU.ActiveCfg = Release|Any CPU
		{A4BF29F1-C438-405C-BB00-6E5CF5B8C589}.Release|Any CPU.Build.0 = Release|Any CPU
	EndGlobalSection
	GlobalSection(SolutionProperties) = preSolution
		HideSolutionNode = FALSE
	EndGlobalSection
	GlobalSection(ExtensibilityGlobals) = postSolution
		SolutionGuid = {18512789-89BC-469B-9821-5951D634CAB6}
	EndGlobalSection
EndGlobal
